
Microsoft Visual Studio Solution File, Format Version 12.00
# Visual Studio Version 17
VisualStudioVersion = 17.8.34525.116
MinimumVisualStudioVersion = 10.0.40219.1
Project("{FAE04EC0-301F-11D3-BF4B-00C04F79EFBC}") = "TypesAndVariables", "TypesAndVariables\TypesAndVariables.csproj", "{C2FDAF98-D918-4E0B-96A7-962A7A9C6B09}"
EndProject
Global
	GlobalSection(SolutionConfigurationPlatforms) = preSolution
		Debug|Any CPU = Debug|Any CPU
		Release|Any CPU = Release|Any CPU
	EndGlobalSection
	GlobalSection(ProjectConfigurationPlatforms) = postSolution
		{C2FDAF98-D918-4E0B-96A7-962A7A9C6B09}.Debug|Any CPU.ActiveCfg = Debug|Any CPU
		{C2FDAF98-D918-4E0B-96A7-962A7A9C6B09}.Debug|Any CPU.Build.0 = Debug|Any CPU
		{C2FDAF98-D918-4E0B-96A7-962A7A9C6B09}.Release|Any CPU.ActiveCfg = Release|Any CPU
		{C2FDAF98-D918-4E0B-96A7-962A7A9C6B09}.Release|Any CPU.Build.0 = Release|Any CPU
	EndGlobalSection
	GlobalSection(SolutionProperties) = preSolution
		HideSolutionNode = FALSE
	EndGlobalSection
	GlobalSection(ExtensibilityGlobals) = postSolution
		SolutionGuid = {8366A9B0-2175-4C80-9B30-D9B011ED4E27}
	EndGlobalSection
EndGlobal
